Microsoft Visual Studio Solution File, Format Version 12.00
# Visual Studio Version 16
VisualStudioVersion = 16.0.0.0
MinimumVisualStudioVersion = 16.0.0.0
Project("{9A19103F-16F7-4668-BE54-9A1E7A4F7556}") = "RainBlazor.Server", "Server\RainBlazor.Server.csproj", "{CA8808BF-B273-4583-BB74-B232A8D6C4AD}"
EndProject
Project("{9A19103F-16F7-4668-BE54-9A1E7A4F7556}") = "RainBlazor.Client", "Client\RainBlazor.Client.csproj", "{E584E5D4-B73B-41F7-8FD2-EEA9EF2EEAE6}"
EndProject
Project("{9A19103F-16F7-4668-BE54-9A1E7A4F7556}") = "RainBlazor.Shared", "Shared\RainBlazor.Shared.csproj", "{901A9450-B888-466A-A8DD-4A8347CC1A80}"
EndProject
Global
	GlobalSection(SolutionConfigurationPlatforms) = preSolution
		Debug|Any CPU = Debug|Any CPU
		Debug|x64 = Debug|x64
		Debug|x86 = Debug|x86
		Release|Any CPU = Release|Any CPU
		Release|x64 = Release|x64
		Release|x86 = Release|x86
	EndGlobalSection
	GlobalSection(ProjectConfigurationPlatforms) = postSolution
		{E584E5D4-B73B-41F7-8FD2-EEA9EF2EEAE6}.Debug|Any CPU.ActiveCfg = Debug|Any CPU
		{E584E5D4-B73B-41F7-8FD2-EEA9EF2EEAE6}.Debug|Any CPU.Build.0 = Debug|Any CPU
		{E584E5D4-B73B-41F7-8FD2-EEA9EF2EEAE6}.Debug|x64.ActiveCfg = Debug|Any CPU
		{E584E5D4-B73B-41F7-8FD2-EEA9EF2EEAE6}.Debug|x64.Build.0 = Debug|Any CPU
		{E584E5D4-B73B-41F7-8FD2-EEA9EF2EEAE6}.Debug|x86.ActiveCfg = Debug|Any CPU
		{E584E5D4-B73B-41F7-8FD2-EEA9EF2EEAE6}.Debug|x86.Build.0 = Debug|Any CPU
		{E584E5D4-B73B-41F7-8FD2-EEA9EF2EEAE6}.Release|Any CPU.ActiveCfg = Release|Any CPU
		{E584E5D4-B73B-41F7-8FD2-EEA9EF2EEAE6}.Release|Any CPU.Build.0 = Release|Any CPU
		{E584E5D4-B73B-41F7-8FD2-EEA9EF2EEAE6}.Release|x64.ActiveCfg = Release|Any CPU
		{E584E5D4-B73B-41F7-8FD2-EEA9EF2EEAE6}.Release|x64.Build.0 = Release|Any CPU
		{E584E5D4-B73B-41F7-8FD2-EEA9EF2EEAE6}.Release|x86.ActiveCfg = Release|Any CPU
		{E584E5D4-B73B-41F7-8FD2-EEA9EF2EEAE6}.Release|x86.Build.0 = Release|Any CPU
		{CA8808BF-B273-4583-BB74-B232A8D6C4AD}.Debug|Any CPU.ActiveCfg = Debug|Any CPU
		{CA8808BF-B273-4583-BB74-B232A8D6C4AD}.Debug|Any CPU.Build.0 = Debug|Any CPU
		{CA8808BF-B273-4583-BB74-B232A8D6C4AD}.Debug|x64.ActiveCfg = Debug|Any CPU
		{CA8808BF-B273-4583-BB74-B232A8D6C4AD}.Debug|x64.Build.0 = Debug|Any CPU
		{CA8808BF-B273-4583-BB74-B232A8D6C4AD}.Debug|x86.ActiveCfg = Debug|Any CPU
		{CA8808BF-B273-4583-BB74-B232A8D6C4AD}.Debug|x86.Build.0 = Debug|Any CPU
		{CA8808BF-B273-4583-BB74-B232A8D6C4AD}.Release|Any CPU.ActiveCfg = Release|Any CPU
		{CA8808BF-B273-4583-BB74-B232A8D6C4AD}.Release|Any CPU.Build.0 = Release|Any CPU
		{CA8808BF-B273-4583-BB74-B232A8D6C4AD}.Release|x64.ActiveCfg = Release|Any CPU
		{CA8808BF-B273-4583-BB74-B232A8D6C4AD}.Release|x64.Build.0 = Release|Any CPU
		{CA8808BF-B273-4583-BB74-B232A8D6C4AD}.Release|x86.ActiveCfg = Release|Any CPU
		{CA8808BF-B273-4583-BB74-B232A8D6C4AD}.Release|x86.Build.0 = Release|Any CPU
		{901A9450-B888-466A-A8DD-4A8347CC1A80}.Debug|Any CPU.ActiveCfg = Debug|Any CPU
		{901A9450-B888-466A-A8DD-4A8347CC1A80}.Debug|Any CPU.Build.0 = Debug|Any CPU
		{901A9450-B888-466A-A8DD-4A8347CC1A80}.Debug|x64.ActiveCfg = Debug|Any CPU
		{901A9450-B888-466A-A8DD-4A8347CC1A80}.Debug|x64.Build.0 = Debug|Any CPU
		{901A9450-B888-466A-A8DD-4A8347CC1A80}.Debug|x86.ActiveCfg = Debug|Any CPU
		{901A9450-B888-466A-A8DD-4A8347CC1A80}.Debug|x86.Build.0 = Debug|Any CPU
		{901A9450-B888-466A-A8DD-4A8347CC1A80}.Release|Any CPU.ActiveCfg = Release|Any CPU
		{901A9450-B888-466A-A8DD-4A8347CC1A80}.Release|Any CPU.Build.0 = Release|Any CPU
		{901A9450-B888-466A-A8DD-4A8347CC1A80}.Release|x64.ActiveCfg = Release|Any CPU
		{901A9450-B888-466A-A8DD-4A8347CC1A80}.Release|x64.Build.0 = Release|Any CPU
		{901A9450-B888-466A-A8DD-4A8347CC1A80}.Release|x86.ActiveCfg = Release|Any CPU
		{901A9450-B888-466A-A8DD-4A8347CC1A80}.Release|x86.Build.0 = Release|Any CPU
	EndGlobalSection
	GlobalSection(SolutionProperties) = preSolution
		HideSolutionNode = FALSE
	EndGlobalSection
	GlobalSection(ExtensibilityGlobals) = postSolution
		SolutionGuid = {7C237826-3ABD-4804-9A4E-3D39E51DC365}
	EndGlobalSection
EndGlobal