Microsoft Visual Studio Solution File, Format Version 12.00
# Visual Studio Version 16
VisualStudioVersion = 16.0.0.0
MinimumVisualStudioVersion = 16.0.0.0
Project("{FAE04EC0-301F-11D3-BF4B-00C04F79EFBC}") = "RainBlazor.Server", "Server\RainBlazor.Server.csproj", "{47306AE9-15D9-420D-80D1-81B6762A6209}"
EndProject
Project("{FAE04EC0-301F-11D3-BF4B-00C04F79EFBC}") = "RainBlazor.Client", "Client\RainBlazor.Client.csproj", "{76DF9684-9927-4041-9EE6-30A842D8600D}"
EndProject
Project("{FAE04EC0-301F-11D3-BF4B-00C04F79EFBC}") = "RainBlazor.Shared", "Shared\RainBlazor.Shared.csproj", "{624E78BC-5D27-4077-BE5A-9CF8097FB73F}"
EndProject
Global
	GlobalSection(SolutionConfigurationPlatforms) = preSolution
		Debug|Any CPU = Debug|Any CPU
		Debug|x64 = Debug|x64
		Debug|x86 = Debug|x86
		Release|Any CPU = Release|Any CPU
		Release|x64 = Release|x64
		Release|x86 = Release|x86
	EndGlobalSection
	GlobalSection(ProjectConfigurationPlatforms) = postSolution
		{47306AE9-15D9-420D-80D1-81B6762A6209}.Debug|Any CPU.ActiveCfg = Debug|Any CPU
		{47306AE9-15D9-420D-80D1-81B6762A6209}.Debug|Any CPU.Build.0 = Debug|Any CPU
		{47306AE9-15D9-420D-80D1-81B6762A6209}.Debug|x64.ActiveCfg = Debug|Any CPU
		{47306AE9-15D9-420D-80D1-81B6762A6209}.Debug|x64.Build.0 = Debug|Any CPU
		{47306AE9-15D9-420D-80D1-81B6762A6209}.Debug|x86.ActiveCfg = Debug|Any CPU
		{47306AE9-15D9-420D-80D1-81B6762A6209}.Debug|x86.Build.0 = Debug|Any CPU
		{47306AE9-15D9-420D-80D1-81B6762A6209}.Release|Any CPU.ActiveCfg = Release|Any CPU
		{47306AE9-15D9-420D-80D1-81B6762A6209}.Release|Any CPU.Build.0 = Release|Any CPU
		{47306AE9-15D9-420D-80D1-81B6762A6209}.Release|x64.ActiveCfg = Release|Any CPU
		{47306AE9-15D9-420D-80D1-81B6762A6209}.Release|x64.Build.0 = Release|Any CPU
		{47306AE9-15D9-420D-80D1-81B6762A6209}.Release|x86.ActiveCfg = Release|Any CPU
		{47306AE9-15D9-420D-80D1-81B6762A6209}.Release|x86.Build.0 = Release|Any CPU
		{76DF9684-9927-4041-9EE6-30A842D8600D}.Debug|Any CPU.ActiveCfg = Debug|Any CPU
		{76DF9684-9927-4041-9EE6-30A842D8600D}.Debug|Any CPU.Build.0 = Debug|Any CPU
		{76DF9684-9927-4041-9EE6-30A842D8600D}.Debug|x64.ActiveCfg = Debug|Any CPU
		{76DF9684-9927-4041-9EE6-30A842D8600D}.Debug|x64.Build.0 = Debug|Any CPU
		{76DF9684-9927-4041-9EE6-30A842D8600D}.Debug|x86.ActiveCfg = Debug|Any CPU
		{76DF9684-9927-4041-9EE6-30A842D8600D}.Debug|x86.Build.0 = Debug|Any CPU
		{76DF9684-9927-4041-9EE6-30A842D8600D}.Release|Any CPU.ActiveCfg = Release|Any CPU
		{76DF9684-9927-4041-9EE6-30A842D8600D}.Release|Any CPU.Build.0 = Release|Any CPU
		{76DF9684-9927-4041-9EE6-30A842D8600D}.Release|x64.ActiveCfg = Release|Any CPU
		{76DF9684-9927-4041-9EE6-30A842D8600D}.Release|x64.Build.0 = Release|Any CPU
		{76DF9684-9927-4041-9EE6-30A842D8600D}.Release|x86.ActiveCfg = Release|Any CPU
		{76DF9684-9927-4041-9EE6-30A842D8600D}.Release|x86.Build.0 = Release|Any CPU
		{624E78BC-5D27-4077-BE5A-9CF8097FB73F}.Debug|Any CPU.ActiveCfg = Debug|Any CPU
		{624E78BC-5D27-4077-BE5A-9CF8097FB73F}.Debug|Any CPU.Build.0 = Debug|Any CPU
		{624E78BC-5D27-4077-BE5A-9CF8097FB73F}.Debug|x64.ActiveCfg = Debug|Any CPU
		{624E78BC-5D27-4077-BE5A-9CF8097FB73F}.Debug|x64.Build.0 = Debug|Any CPU
		{624E78BC-5D27-4077-BE5A-9CF8097FB73F}.Debug|x86.ActiveCfg = Debug|Any CPU
		{624E78BC-5D27-4077-BE5A-9CF8097FB73F}.Debug|x86.Build.0 = Debug|Any CPU
		{624E78BC-5D27-4077-BE5A-9CF8097FB73F}.Release|Any CPU.ActiveCfg = Release|Any CPU
		{624E78BC-5D27-4077-BE5A-9CF8097FB73F}.Release|Any CPU.Build.0 = Release|Any CPU
		{624E78BC-5D27-4077-BE5A-9CF8097FB73F}.Release|x64.ActiveCfg = Release|Any CPU
		{624E78BC-5D27-4077-BE5A-9CF8097FB73F}.Release|x64.Build.0 = Release|Any CPU
		{624E78BC-5D27-4077-BE5A-9CF8097FB73F}.Release|x86.ActiveCfg = Release|Any CPU
		{624E78BC-5D27-4077-BE5A-9CF8097FB73F}.Release|x86.Build.0 = Release|Any CPU
	EndGlobalSection
	GlobalSection(SolutionProperties) = preSolution
		HideSolutionNode = FALSE
	EndGlobalSection
	GlobalSection(ExtensibilityGlobals) = postSolution
		SolutionGuid = {C5A2A642-2EDF-4C5F-816C-1CA887EC4DFB}
	EndGlobalSection
EndGlobal
